# This file was autogenerated by Stack.
# You should not edit this file by hand.
# For more information, please see the documentation at:
#   https://docs.haskellstack.org/en/stable/lock_files

packages: []
snapshots:
- completed:
    sha256: d80dc25c6444db594a338c71492b1b5601d7c613dbeaa5f61dcf448b3114df66
    size: 631260
    url: https://raw.githubusercontent.com/commercialhaskell/stackage-snapshots/master/nightly/2023/5/17.yaml
  original: nightly-2023-05-17
